# This file is autogenerated, do not edit; changes may be undone by the next 'dep ensure'.


[[projects]]
  digest = "1:40e195917a951a8bf867cd05de2a46aaf1806c50cf92eebf4c16f78cd196f747"
  name = "github.com/pkg/errors"
  packages = ["."]
  pruneopts = "UT"
  revision = "645ef00459ed84a119197bfb8d8205042c6df63d"
  version = "v0.8.0"

[[projects]]
  digest = "1:ac028cbd36be2b10cba12cb2d191263afd192314f1969996acd57ba75156b70d"
  name = "gopkg.in/virgil.v5"
  packages = [
    "common",
    "cryptoapi",
    "errors",
    "sdk",
  ]
  pruneopts = "UT"
  revision = "d2e8b13e490a9c1a8cf36dfc163ddcceb36b9fb2"
  version = "v5.1.2"

[[projects]]
  branch = "v5"
  digest = "1:578fc7802c8a1208420f219b8612f03df8bdeb89a18691185387d35404233ecf"
  name = "gopkg.in/virgilsecurity/virgil-crypto-go.v5"
  packages = ["."]
  pruneopts = "UT"
  revision = "93a5d7cd628b6411a5d2139fd29acd453bf572fa"

[solve-meta]
  analyzer-name = "dep"
  analyzer-version = 1
  input-imports = [
    "gopkg.in/virgil.v5/cryptoapi",
    "gopkg.in/virgil.v5/sdk",
    "gopkg.in/virgilsecurity/virgil-crypto-go.v5",
  ]
  solver-name = "gps-cdcl"
  solver-version = 1
